// !$*UTF8*$!
{
	archiveVersion = 1;
	classes = {
	};
	objectVersion = 45;
	objects = {

/* Begin PBXBuildFile section */
		881EED0F10DC14EF009E449F /* eap_register.c in Sources */ = {isa = PBXBuildFile; fileRef = 881EED0E10DC14EF009E449F /* eap_register.c */; };
		8853CB17109F385C00358CEF /* libpcap.dylib in Frameworks */ = {isa = PBXBuildFile; fileRef = 8853CB16109F385C00358CEF /* libpcap.dylib */; };
		8853CB1B109F389800358CEF /* libcrypto.dylib in Frameworks */ = {isa = PBXBuildFile; fileRef = 8853CB1A109F389800358CEF /* libcrypto.dylib */; };
		8853CB1F109F38BD00358CEF /* CoreFoundation.framework in Frameworks */ = {isa = PBXBuildFile; fileRef = 8853CB1E109F38BD00358CEF /* CoreFoundation.framework */; };
		8853CB2E109F3A3900358CEF /* scan_helpers.c in Sources */ = {isa = PBXBuildFile; fileRef = 8853CB2D109F3A3900358CEF /* scan_helpers.c */; };
		8853CB32109F3A9400358CEF /* wpa_common.c in Sources */ = {isa = PBXBuildFile; fileRef = 8853CB31109F3A9400358CEF /* wpa_common.c */; };
		8853CB36109F3AC700358CEF /* md5.c in Sources */ = {isa = PBXBuildFile; fileRef = 8853CB35109F3AC700358CEF /* md5.c */; };
		8853CB3C109F3B5800358CEF /* Apple80211.framework in Frameworks */ = {isa = PBXBuildFile; fileRef = 8853CB3B109F3B5800358CEF /* Apple80211.framework */; };
		8853CBFB109F4C6E00358CEF /* eap_gtc.c in Sources */ = {isa = PBXBuildFile; fileRef = 8853CBEC109F4C6E00358CEF /* eap_gtc.c */; };
		8853CBFC109F4C6E00358CEF /* eap_leap.c in Sources */ = {isa = PBXBuildFile; fileRef = 8853CBED109F4C6E00358CEF /* eap_leap.c */; };
		8853CBFD109F4C6E00358CEF /* eap_md5.c in Sources */ = {isa = PBXBuildFile; fileRef = 8853CBEE109F4C6E00358CEF /* eap_md5.c */; };
		8853CBFE109F4C6E00358CEF /* eap_methods.c in Sources */ = {isa = PBXBuildFile; fileRef = 8853CBEF109F4C6E00358CEF /* eap_methods.c */; };
		8853CBFF109F4C6E00358CEF /* eap_mschapv2.c in Sources */ = {isa = PBXBuildFile; fileRef = 8853CBF0109F4C6E00358CEF /* eap_mschapv2.c */; };
		8853CC00109F4C6E00358CEF /* eap_otp.c in Sources */ = {isa = PBXBuildFile; fileRef = 8853CBF1109F4C6E00358CEF /* eap_otp.c */; };
		8853CC01109F4C6E00358CEF /* eap_peap.c in Sources */ = {isa = PBXBuildFile; fileRef = 8853CBF2109F4C6E00358CEF /* eap_peap.c */; };
		8853CC02109F4C6E00358CEF /* eap_tls_common.c in Sources */ = {isa = PBXBuildFile; fileRef = 8853CBF3109F4C6E00358CEF /* eap_tls_common.c */; };
		8853CC03109F4C6E00358CEF /* eap_tls.c in Sources */ = {isa = PBXBuildFile; fileRef = 8853CBF4109F4C6E00358CEF /* eap_tls.c */; };
		8853CC04109F4C6E00358CEF /* eap_tnc.c in Sources */ = {isa = PBXBuildFile; fileRef = 8853CBF5109F4C6E00358CEF /* eap_tnc.c */; };
		8853CC05109F4C6E00358CEF /* eap_ttls.c in Sources */ = {isa = PBXBuildFile; fileRef = 8853CBF6109F4C6E00358CEF /* eap_ttls.c */; };
		8853CC06109F4C6E00358CEF /* eap_wsc.c in Sources */ = {isa = PBXBuildFile; fileRef = 8853CBF7109F4C6E00358CEF /* eap_wsc.c */; };
		8853CC07109F4C6E00358CEF /* eap.c in Sources */ = {isa = PBXBuildFile; fileRef = 8853CBF8109F4C6E00358CEF /* eap.c */; };
		8853CC08109F4C6E00358CEF /* mschapv2.c in Sources */ = {isa = PBXBuildFile; fileRef = 8853CBF9109F4C6E00358CEF /* mschapv2.c */; };
		8853CC09109F4C6E00358CEF /* tncc.c in Sources */ = {isa = PBXBuildFile; fileRef = 8853CBFA109F4C6E00358CEF /* tncc.c */; };
		8853CC0E109F4CA100358CEF /* ctrl_iface_unix.c in Sources */ = {isa = PBXBuildFile; fileRef = 8853CC0C109F4CA100358CEF /* ctrl_iface_unix.c */; };
		8853CC0F109F4CA100358CEF /* ctrl_iface.c in Sources */ = {isa = PBXBuildFile; fileRef = 8853CC0D109F4CA100358CEF /* ctrl_iface.c */; };
		8853CC11109F4CC800358CEF /* eapol_supp_sm.c in Sources */ = {isa = PBXBuildFile; fileRef = 8853CC10109F4CC800358CEF /* eapol_supp_sm.c */; };
		8853CC18109F4D0800358CEF /* chap.c in Sources */ = {isa = PBXBuildFile; fileRef = 8853CC14109F4D0800358CEF /* chap.c */; };
		8853CC19109F4D0800358CEF /* eap_common.c in Sources */ = {isa = PBXBuildFile; fileRef = 8853CC15109F4D0800358CEF /* eap_common.c */; };
		8853CC1A109F4D0800358CEF /* eap_peap_common.c in Sources */ = {isa = PBXBuildFile; fileRef = 8853CC16109F4D0800358CEF /* eap_peap_common.c */; };
		8853CC1B109F4D0800358CEF /* eap_wsc_common.c in Sources */ = {isa = PBXBuildFile; fileRef = 8853CC17109F4D0800358CEF /* eap_wsc_common.c */; };
		8853CC26109F4D3500358CEF /* wps_attr_build.c in Sources */ = {isa = PBXBuildFile; fileRef = 8853CC1E109F4D3500358CEF /* wps_attr_build.c */; };
		8853CC27109F4D3500358CEF /* wps_attr_parse.c in Sources */ = {isa = PBXBuildFile; fileRef = 8853CC1F109F4D3500358CEF /* wps_attr_parse.c */; };
		8853CC28109F4D3500358CEF /* wps_attr_process.c in Sources */ = {isa = PBXBuildFile; fileRef = 8853CC20109F4D3500358CEF /* wps_attr_process.c */; };
		8853CC29109F4D3500358CEF /* wps_common.c in Sources */ = {isa = PBXBuildFile; fileRef = 8853CC21109F4D3500358CEF /* wps_common.c */; };
		8853CC2A109F4D3500358CEF /* wps_dev_attr.c in Sources */ = {isa = PBXBuildFile; fileRef = 8853CC22109F4D3500358CEF /* wps_dev_attr.c */; };
		8853CC2B109F4D3500358CEF /* wps_enrollee.c in Sources */ = {isa = PBXBuildFile; fileRef = 8853CC23109F4D3500358CEF /* wps_enrollee.c */; };
		8853CC2C109F4D3500358CEF /* wps_registrar.c in Sources */ = {isa = PBXBuildFile; fileRef = 8853CC24109F4D3500358CEF /* wps_registrar.c */; };
		8853CC2D109F4D3500358CEF /* wps.c in Sources */ = {isa = PBXBuildFile; fileRef = 8853CC25109F4D3500358CEF /* wps.c */; };
		8853CC34109F4DE200358CEF /* ms_funcs.c in Sources */ = {isa = PBXBuildFile; fileRef = 8853CC32109F4DE200358CEF /* ms_funcs.c */; };
		8853CC35109F4DE200358CEF /* tls_openssl.c in Sources */ = {isa = PBXBuildFile; fileRef = 8853CC33109F4DE200358CEF /* tls_openssl.c */; };
		8853CC3C109F4E1D00358CEF /* libssl.dylib in Frameworks */ = {isa = PBXBuildFile; fileRef = 8853CC3B109F4E1D00358CEF /* libssl.dylib */; };
		8853CC40109F4E3A00358CEF /* wps_supplicant.c in Sources */ = {isa = PBXBuildFile; fileRef = 8853CC3F109F4E3A00358CEF /* wps_supplicant.c */; };
		8853CC44109F4E6200358CEF /* uuid.c in Sources */ = {isa = PBXBuildFile; fileRef = 8853CC43109F4E6200358CEF /* uuid.c */; };
		8853CC48109F4E8700358CEF /* ieee802_11_common.c in Sources */ = {isa = PBXBuildFile; fileRef = 8853CC47109F4E8700358CEF /* ieee802_11_common.c */; };
		8853CC4E109F4ED500358CEF /* sha256.c in Sources */ = {isa = PBXBuildFile; fileRef = 8853CC4C109F4ED500358CEF /* sha256.c */; };
		8853CC53109F4F3500358CEF /* aes-cbc.c in Sources */ = {isa = PBXBuildFile; fileRef = 8853CC51109F4F3500358CEF /* aes-cbc.c */; };
		8853CC54109F4F3500358CEF /* sha1-tlsprf.c in Sources */ = {isa = PBXBuildFile; fileRef = 8853CC52109F4F3500358CEF /* sha1-tlsprf.c */; };
		88950831109F2FAB004FB35D /* blacklist.c in Sources */ = {isa = PBXBuildFile; fileRef = 88950828109F2FAB004FB35D /* blacklist.c */; };
		88950832109F2FAB004FB35D /* config_file.c in Sources */ = {isa = PBXBuildFile; fileRef = 88950829109F2FAB004FB35D /* config_file.c */; };
		88950833109F2FAB004FB35D /* config.c in Sources */ = {isa = PBXBuildFile; fileRef = 8895082A109F2FAB004FB35D /* config.c */; };
		88950834109F2FAB004FB35D /* events.c in Sources */ = {isa = PBXBuildFile; fileRef = 8895082B109F2FAB004FB35D /* events.c */; };
		88950835109F2FAB004FB35D /* main.c in Sources */ = {isa = PBXBuildFile; fileRef = 8895082C109F2FAB004FB35D /* main.c */; };
		88950836109F2FAB004FB35D /* notify.c in Sources */ = {isa = PBXBuildFile; fileRef = 8895082D109F2FAB004FB35D /* notify.c */; };
		88950837109F2FAB004FB35D /* scan.c in Sources */ = {isa = PBXBuildFile; fileRef = 8895082E109F2FAB004FB35D /* scan.c */; };
		88950838109F2FAB004FB35D /* wpa_supplicant.c in Sources */ = {isa = PBXBuildFile; fileRef = 8895082F109F2FAB004FB35D /* wpa_supplicant.c */; };
		88950839109F2FAB004FB35D /* wpas_glue.c in Sources */ = {isa = PBXBuildFile; fileRef = 88950830109F2FAB004FB35D /* wpas_glue.c */; };
		88950840109F301A004FB35D /* base64.c in Sources */ = {isa = PBXBuildFile; fileRef = 8895083A109F301A004FB35D /* base64.c */; };
		88950841109F301A004FB35D /* common.c in Sources */ = {isa = PBXBuildFile; fileRef = 8895083B109F301A004FB35D /* common.c */; };
		88950842109F301A004FB35D /* eloop.c in Sources */ = {isa = PBXBuildFile; fileRef = 8895083C109F301A004FB35D /* eloop.c */; };
		88950843109F301A004FB35D /* os_unix.c in Sources */ = {isa = PBXBuildFile; fileRef = 8895083D109F301A004FB35D /* os_unix.c */; };
		88950844109F301A004FB35D /* wpa_debug.c in Sources */ = {isa = PBXBuildFile; fileRef = 8895083E109F301A004FB35D /* wpa_debug.c */; };
		88950845109F301A004FB35D /* wpabuf.c in Sources */ = {isa = PBXBuildFile; fileRef = 8895083F109F301A004FB35D /* wpabuf.c */; };
		88950864109F32D1004FB35D /* peerkey.c in Sources */ = {isa = PBXBuildFile; fileRef = 8895085F109F32D1004FB35D /* peerkey.c */; };
		88950865109F32D1004FB35D /* pmksa_cache.c in Sources */ = {isa = PBXBuildFile; fileRef = 88950860109F32D1004FB35D /* pmksa_cache.c */; };
		88950866109F32D1004FB35D /* preauth.c in Sources */ = {isa = PBXBuildFile; fileRef = 88950861109F32D1004FB35D /* preauth.c */; };
		88950867109F32D1004FB35D /* wpa_ie.c in Sources */ = {isa = PBXBuildFile; fileRef = 88950862109F32D1004FB35D /* wpa_ie.c */; };
		88950868109F32D1004FB35D /* wpa.c in Sources */ = {isa = PBXBuildFile; fileRef = 88950863109F32D1004FB35D /* wpa.c */; };
		8895086C109F3316004FB35D /* l2_packet_freebsd.c in Sources */ = {isa = PBXBuildFile; fileRef = 8895086B109F3316004FB35D /* l2_packet_freebsd.c */; };
		88950871109F3367004FB35D /* aes-unwrap.c in Sources */ = {isa = PBXBuildFile; fileRef = 8895086D109F3367004FB35D /* aes-unwrap.c */; };
		88950872109F3367004FB35D /* crypto_openssl.c in Sources */ = {isa = PBXBuildFile; fileRef = 8895086E109F3367004FB35D /* crypto_openssl.c */; };
		88950873109F3367004FB35D /* sha1-pbkdf2.c in Sources */ = {isa = PBXBuildFile; fileRef = 8895086F109F3367004FB35D /* sha1-pbkdf2.c */; };
		88950874109F3367004FB35D /* sha1.c in Sources */ = {isa = PBXBuildFile; fileRef = 88950870109F3367004FB35D /* sha1.c */; };
		88950885109F3538004FB35D /* driver_osx.m in Sources */ = {isa = PBXBuildFile; fileRef = 88950883109F3538004FB35D /* driver_osx.m */; };
		88950886109F3538004FB35D /* drivers.c in Sources */ = {isa = PBXBuildFile; fileRef = 88950884109F3538004FB35D /* drivers.c */; };
/* End PBXBuildFile section */

/* Begin PBXCopyFilesBuildPhase section */
		8DD76FAF0486AB0100D96B5E /* CopyFiles */ = {
			isa = PBXCopyFilesBuildPhase;
			buildActionMask = 8;
			dstPath = /usr/share/man/man1/;
			dstSubfolderSpec = 0;
			files = (
			);
			runOnlyForDeploymentPostprocessing = 1;
		};
/* End PBXCopyFilesBuildPhase section */

/* Begin PBXFileReference section */
		881EED0E10DC14EF009E449F /* eap_register.c */ = {isa = PBXFileReference; fileEncoding = 4; lastKnownFileType = sourcecode.c.c; name = eap_register.c; path = ../eap_register.c; sourceTree = SOURCE_ROOT; };
		8853CB16109F385C00358CEF /* libpcap.dylib */ = {isa = PBXFileReference; lastKnownFileType = "compiled.mach-o.dylib"; name = libpcap.dylib; path = usr/lib/libpcap.dylib; sourceTree = SDKROOT; };
		8853CB1A109F389800358CEF /* libcrypto.dylib */ = {isa = PBXFileReference; lastKnownFileType = "compiled.mach-o.dylib"; name = libcrypto.dylib; path = usr/lib/libcrypto.dylib; sourceTree = SDKROOT; };
		8853CB1E109F38BD00358CEF /* CoreFoundation.framework */ = {isa = PBXFileReference; lastKnownFileType = wrapper.framework; name = CoreFoundation.framework; path = System/Library/Frameworks/CoreFoundation.framework; sourceTree = SDKROOT; };
		8853CB2D109F3A3900358CEF /* scan_helpers.c */ = {isa = PBXFileReference; fileEncoding = 4; lastKnownFileType = sourcecode.c.c; name = scan_helpers.c; path = ../../src/drivers/scan_helpers.c; sourceTree = SOURCE_ROOT; };
		8853CB31109F3A9400358CEF /* wpa_common.c */ = {isa = PBXFileReference; fileEncoding = 4; lastKnownFileType = sourcecode.c.c; name = wpa_common.c; path = ../../src/common/wpa_common.c; sourceTree = SOURCE_ROOT; };
		8853CB35109F3AC700358CEF /* md5.c */ = {isa = PBXFileReference; fileEncoding = 4; lastKnownFileType = sourcecode.c.c; name = md5.c; path = ../../src/crypto/md5.c; sourceTree = SOURCE_ROOT; };
		8853CB3B109F3B5800358CEF /* Apple80211.framework */ = {isa = PBXFileReference; lastKnownFileType = wrapper.framework; name = Apple80211.framework; path = /System/Library/PrivateFrameworks/Apple80211.framework; sourceTree = "<absolute>"; };
		8853CBEC109F4C6E00358CEF /* eap_gtc.c */ = {isa = PBXFileReference; fileEncoding = 4; lastKnownFileType = sourcecode.c.c; name = eap_gtc.c; path = ../../src/eap_peer/eap_gtc.c; sourceTree = SOURCE_ROOT; };
		8853CBED109F4C6E00358CEF /* eap_leap.c */ = {isa = PBXFileReference; fileEncoding = 4; lastKnownFileType = sourcecode.c.c; name = eap_leap.c; path = ../../src/eap_peer/eap_leap.c; sourceTree = SOURCE_ROOT; };
		8853CBEE109F4C6E00358CEF /* eap_md5.c */ = {isa = PBXFileReference; fileEncoding = 4; lastKnownFileType = sourcecode.c.c; name = eap_md5.c; path = ../../src/eap_peer/eap_md5.c; sourceTree = SOURCE_ROOT; };
		8853CBEF109F4C6E00358CEF /* eap_methods.c */ = {isa = PBXFileReference; fileEncoding = 4; lastKnownFileType = sourcecode.c.c; name = eap_methods.c; path = ../../src/eap_peer/eap_methods.c; sourceTree = SOURCE_ROOT; };
		8853CBF0109F4C6E00358CEF /* eap_mschapv2.c */ = {isa = PBXFileReference; fileEncoding = 4; lastKnownFileType = sourcecode.c.c; name = eap_mschapv2.c; path = ../../src/eap_peer/eap_mschapv2.c; sourceTree = SOURCE_ROOT; };
		8853CBF1109F4C6E00358CEF /* eap_otp.c */ = {isa = PBXFileReference; fileEncoding = 4; lastKnownFileType = sourcecode.c.c; name = eap_otp.c; path = ../../src/eap_peer/eap_otp.c; sourceTree = SOURCE_ROOT; };
		8853CBF2109F4C6E00358CEF /* eap_peap.c */ = {isa = PBXFileReference; fileEncoding = 4; lastKnownFileType = sourcecode.c.c; name = eap_peap.c; path = ../../src/eap_peer/eap_peap.c; sourceTree = SOURCE_ROOT; };
		8853CBF3109F4C6E00358CEF /* eap_tls_common.c */ = {isa = PBXFileReference; fileEncoding = 4; lastKnownFileType = sourcecode.c.c; name = eap_tls_common.c; path = ../../src/eap_peer/eap_tls_common.c; sourceTree = SOURCE_ROOT; };
		8853CBF4109F4C6E00358CEF /* eap_tls.c */ = {isa = PBXFileReference; fileEncoding = 4; lastKnownFileType = sourcecode.c.c; name = eap_tls.c; path = ../../src/eap_peer/eap_tls.c; sourceTree = SOURCE_ROOT; };
		8853CBF5109F4C6E00358CEF /* eap_tnc.c */ = {isa = PBXFileReference; fileEncoding = 4; lastKnownFileType = sourcecode.c.c; name = eap_tnc.c; path = ../../src/eap_peer/eap_tnc.c; sourceTree = SOURCE_ROOT; };
		8853CBF6109F4C6E00358CEF /* eap_ttls.c */ = {isa = PBXFileReference; fileEncoding = 4; lastKnownFileType = sourcecode.c.c; name = eap_ttls.c; path = ../../src/eap_peer/eap_ttls.c; sourceTree = SOURCE_ROOT; };
		8853CBF7109F4C6E00358CEF /* eap_wsc.c */ = {isa = PBXFileReference; fileEncoding = 4; lastKnownFileType = sourcecode.c.c; name = eap_wsc.c; path = ../../src/eap_peer/eap_wsc.c; sourceTree = SOURCE_ROOT; };
		8853CBF8109F4C6E00358CEF /* eap.c */ = {isa = PBXFileReference; fileEncoding = 4; lastKnownFileType = sourcecode.c.c; name = eap.c; path = ../../src/eap_peer/eap.c; sourceTree = SOURCE_ROOT; };
		8853CBF9109F4C6E00358CEF /* mschapv2.c */ = {isa = PBXFileReference; fileEncoding = 4; lastKnownFileType = sourcecode.c.c; name = mschapv2.c; path = ../../src/eap_peer/mschapv2.c; sourceTree = SOURCE_ROOT; };
		8853CBFA109F4C6E00358CEF /* tncc.c */ = {isa = PBXFileReference; fileEncoding = 4; lastKnownFileType = sourcecode.c.c; name = tncc.c; path = ../../src/eap_peer/tncc.c; sourceTree = SOURCE_ROOT; };
		8853CC0C109F4CA100358CEF /* ctrl_iface_unix.c */ = {isa = PBXFileReference; fileEncoding = 4; lastKnownFileType = sourcecode.c.c; name = ctrl_iface_unix.c; path = ../ctrl_iface_unix.c; sourceTree = SOURCE_ROOT; };
		8853CC0D109F4CA100358CEF /* ctrl_iface.c */ = {isa = PBXFileReference; fileEncoding = 4; lastKnownFileType = sourcecode.c.c; name = ctrl_iface.c; path = ../ctrl_iface.c; sourceTree = SOURCE_ROOT; };
		8853CC10109F4CC800358CEF /* eapol_supp_sm.c */ = {isa = PBXFileReference; fileEncoding = 4; lastKnownFileType = sourcecode.c.c; name = eapol_supp_sm.c; path = ../../src/eapol_supp/eapol_supp_sm.c; sourceTree = SOURCE_ROOT; };
		8853CC14109F4D0800358CEF /* chap.c */ = {isa = PBXFileReference; fileEncoding = 4; lastKnownFileType = sourcecode.c.c; name = chap.c; path = ../../src/eap_common/chap.c; sourceTree = SOURCE_ROOT; };
		8853CC15109F4D0800358CEF /* eap_common.c */ = {isa = PBXFileReference; fileEncoding = 4; lastKnownFileType = sourcecode.c.c; name = eap_common.c; path = ../../src/eap_common/eap_common.c; sourceTree = SOURCE_ROOT; };
		8853CC16109F4D0800358CEF /* eap_peap_common.c */ = {isa = PBXFileReference; fileEncoding = 4; lastKnownFileType = sourcecode.c.c; name = eap_peap_common.c; path = ../../src/eap_common/eap_peap_common.c; sourceTree = SOURCE_ROOT; };
		8853CC17109F4D0800358CEF /* eap_wsc_common.c */ = {isa = PBXFileReference; fileEncoding = 4; lastKnownFileType = sourcecode.c.c; name = eap_wsc_common.c; path = ../../src/eap_common/eap_wsc_common.c; sourceTree = SOURCE_ROOT; };
		8853CC1E109F4D3500358CEF /* wps_attr_build.c */ = {isa = PBXFileReference; fileEncoding = 4; lastKnownFileType = sourcecode.c.c; name = wps_attr_build.c; path = ../../src/wps/wps_attr_build.c; sourceTree = SOURCE_ROOT; };
		8853CC1F109F4D3500358CEF /* wps_attr_parse.c */ = {isa = PBXFileReference; fileEncoding = 4; lastKnownFileType = sourcecode.c.c; name = wps_attr_parse.c; path = ../../src/wps/wps_attr_parse.c; sourceTree = SOURCE_ROOT; };
		8853CC20109F4D3500358CEF /* wps_attr_process.c */ = {isa = PBXFileReference; fileEncoding = 4; lastKnownFileType = sourcecode.c.c; name = wps_attr_process.c; path = ../../src/wps/wps_attr_process.c; sourceTree = SOURCE_ROOT; };
		8853CC21109F4D3500358CEF /* wps_common.c */ = {isa = PBXFileReference; fileEncoding = 4; lastKnownFileType = sourcecode.c.c; name = wps_common.c; path = ../../src/wps/wps_common.c; sourceTree = SOURCE_ROOT; };
		8853CC22109F4D3500358CEF /* wps_dev_attr.c */ = {isa = PBXFileReference; fileEncoding = 4; lastKnownFileType = sourcecode.c.c; name = wps_dev_attr.c; path = ../../src/wps/wps_dev_attr.c; sourceTree = SOURCE_ROOT; };
		8853CC23109F4D3500358CEF /* wps_enrollee.c */ = {isa = PBXFileReference; fileEncoding = 4; lastKnownFileType = sourcecode.c.c; name = wps_enrollee.c; path = ../../src/wps/wps_enrollee.c; sourceTree = SOURCE_ROOT; };
		8853CC24109F4D3500358CEF /* wps_registrar.c */ = {isa = PBXFileReference; fileEncoding = 4; lastKnownFileType = sourcecode.c.c; name = wps_registrar.c; path = ../../src/wps/wps_registrar.c; sourceTree = SOURCE_ROOT; };
		8853CC25109F4D3500358CEF /* wps.c */ = {isa = PBXFileReference; fileEncoding = 4; lastKnownFileType = sourcecode.c.c; name = wps.c; path = ../../src/wps/wps.c; sourceTree = SOURCE_ROOT; };
		8853CC32109F4DE200358CEF /* ms_funcs.c */ = {isa = PBXFileReference; fileEncoding = 4; lastKnownFileType = sourcecode.c.c; name = ms_funcs.c; path = ../../src/crypto/ms_funcs.c; sourceTree = SOURCE_ROOT; };
		8853CC33109F4DE200358CEF /* tls_openssl.c */ = {isa = PBXFileReference; fileEncoding = 4; lastKnownFileType = sourcecode.c.c; name = tls_openssl.c; path = ../../src/crypto/tls_openssl.c; sourceTree = SOURCE_ROOT; };
		8853CC3B109F4E1D00358CEF /* libssl.dylib */ = {isa = PBXFileReference; lastKnownFileType = "compiled.mach-o.dylib"; name = libssl.dylib; path = usr/lib/libssl.dylib; sourceTree = SDKROOT; };
		8853CC3F109F4E3A00358CEF /* wps_supplicant.c */ = {isa = PBXFileReference; fileEncoding = 4; lastKnownFileType = sourcecode.c.c; name = wps_supplicant.c; path = ../wps_supplicant.c; sourceTree = SOURCE_ROOT; };
		8853CC43109F4E6200358CEF /* uuid.c */ = {isa = PBXFileReference; fileEncoding = 4; lastKnownFileType = sourcecode.c.c; name = uuid.c; path = ../../src/utils/uuid.c; sourceTree = SOURCE_ROOT; };
		8853CC47109F4E8700358CEF /* ieee802_11_common.c */ = {isa = PBXFileReference; fileEncoding = 4; lastKnownFileType = sourcecode.c.c; name = ieee802_11_common.c; path = ../../src/common/ieee802_11_common.c; sourceTree = SOURCE_ROOT; };
		8853CC4C109F4ED500358CEF /* sha256.c */ = {isa = PBXFileReference; fileEncoding = 4; lastKnownFileType = sourcecode.c.c; name = sha256.c; path = ../../src/crypto/sha256.c; sourceTree = SOURCE_ROOT; };
		8853CC51109F4F3500358CEF /* aes-cbc.c */ = {isa = PBXFileReference; fileEncoding = 4; lastKnownFileType = sourcecode.c.c; name = "aes-cbc.c"; path = "../../src/crypto/aes-cbc.c"; sourceTree = SOURCE_ROOT; };
		8853CC52109F4F3500358CEF /* sha1-tlsprf.c */ = {isa = PBXFileReference; fileEncoding = 4; lastKnownFileType = sourcecode.c.c; name = "sha1-tlsprf.c"; path = "../../src/crypto/sha1-tlsprf.c"; sourceTree = SOURCE_ROOT; };
		88950828109F2FAB004FB35D /* blacklist.c */ = {isa = PBXFileReference; fileEncoding = 4; lastKnownFileType = sourcecode.c.c; name = blacklist.c; path = ../../wpa_supplicant/blacklist.c; sourceTree = SOURCE_ROOT; };
		88950829109F2FAB004FB35D /* config_file.c */ = {isa = PBXFileReference; fileEncoding = 4; lastKnownFileType = sourcecode.c.c; name = config_file.c; path = ../../wpa_supplicant/config_file.c; sourceTree = SOURCE_ROOT; };
		8895082A109F2FAB004FB35D /* config.c */ = {isa = PBXFileReference; fileEncoding = 4; lastKnownFileType = sourcecode.c.c; name = config.c; path = ../../wpa_supplicant/config.c; sourceTree = SOURCE_ROOT; };
		8895082B109F2FAB004FB35D /* events.c */ = {isa = PBXFileReference; fileEncoding = 4; lastKnownFileType = sourcecode.c.c; name = events.c; path = ../../wpa_supplicant/events.c; sourceTree = SOURCE_ROOT; };
		8895082C109F2FAB004FB35D /* main.c */ = {isa = PBXFileReference; fileEncoding = 4; lastKnownFileType = sourcecode.c.c; name = main.c; path = ../../wpa_supplicant/main.c; sourceTree = SOURCE_ROOT; };
		8895082D109F2FAB004FB35D /* notify.c */ = {isa = PBXFileReference; fileEncoding = 4; lastKnownFileType = sourcecode.c.c; name = notify.c; path = ../../wpa_supplicant/notify.c; sourceTree = SOURCE_ROOT; };
		8895082E109F2FAB004FB35D /* scan.c */ = {isa = PBXFileReference; fileEncoding = 4; lastKnownFileType = sourcecode.c.c; name = scan.c; path = ../../wpa_supplicant/scan.c; sourceTree = SOURCE_ROOT; };
		8895082F109F2FAB004FB35D /* wpa_supplicant.c */ = {isa = PBXFileReference; fileEncoding = 4; lastKnownFileType = sourcecode.c.c; name = wpa_supplicant.c; path = ../../wpa_supplicant/wpa_supplicant.c; sourceTree = SOURCE_ROOT; };
		88950830109F2FAB004FB35D /* wpas_glue.c */ = {isa = PBXFileReference; fileEncoding = 4; lastKnownFileType = sourcecode.c.c; name = wpas_glue.c; path = ../../wpa_supplicant/wpas_glue.c; sourceTree = SOURCE_ROOT; };
		8895083A109F301A004FB35D /* base64.c */ = {isa = PBXFileReference; fileEncoding = 4; lastKnownFileType = sourcecode.c.c; name = base64.c; path = ../../src/utils/base64.c; sourceTree = SOURCE_ROOT; };
		8895083B109F301A004FB35D /* common.c */ = {isa = PBXFileReference; fileEncoding = 4; lastKnownFileType = sourcecode.c.c; name = common.c; path = ../../src/utils/common.c; sourceTree = SOURCE_ROOT; };
		8895083C109F301A004FB35D /* eloop.c */ = {isa = PBXFileReference; fileEncoding = 4; lastKnownFileType = sourcecode.c.c; name = eloop.c; path = ../../src/utils/eloop.c; sourceTree = SOURCE_ROOT; };
		8895083D109F301A004FB35D /* os_unix.c */ = {isa = PBXFileReference; fileEncoding = 4; lastKnownFileType = sourcecode.c.c; name = os_unix.c; path = ../../src/utils/os_unix.c; sourceTree = SOURCE_ROOT; };
		8895083E109F301A004FB35D /* wpa_debug.c */ = {isa = PBXFileReference; fileEncoding = 4; lastKnownFileType = sourcecode.c.c; name = wpa_debug.c; path = ../../src/utils/wpa_debug.c; sourceTree = SOURCE_ROOT; };
		8895083F109F301A004FB35D /* wpabuf.c */ = {isa = PBXFileReference; fileEncoding = 4; lastKnownFileType = sourcecode.c.c; name = wpabuf.c; path = ../../src/utils/wpabuf.c; sourceTree = SOURCE_ROOT; };
		8895085F109F32D1004FB35D /* peerkey.c */ = {isa = PBXFileReference; fileEncoding = 4; lastKnownFileType = sourcecode.c.c; name = peerkey.c; path = ../../src/rsn_supp/peerkey.c; sourceTree = SOURCE_ROOT; };
		88950860109F32D1004FB35D /* pmksa_cache.c */ = {isa = PBXFileReference; fileEncoding = 4; lastKnownFileType = sourcecode.c.c; name = pmksa_cache.c; path = ../../src/rsn_supp/pmksa_cache.c; sourceTree = SOURCE_ROOT; };
		88950861109F32D1004FB35D /* preauth.c */ = {isa = PBXFileReference; fileEncoding = 4; lastKnownFileType = sourcecode.c.c; name = preauth.c; path = ../../src/rsn_supp/preauth.c; sourceTree = SOURCE_ROOT; };
		88950862109F32D1004FB35D /* wpa_ie.c */ = {isa = PBXFileReference; fileEncoding = 4; lastKnownFileType = sourcecode.c.c; name = wpa_ie.c; path = ../../src/rsn_supp/wpa_ie.c; sourceTree = SOURCE_ROOT; };
		88950863109F32D1004FB35D /* wpa.c */ = {isa = PBXFileReference; fileEncoding = 4; lastKnownFileType = sourcecode.c.c; name = wpa.c; path = ../../src/rsn_supp/wpa.c; sourceTree = SOURCE_ROOT; };
		8895086B109F3316004FB35D /* l2_packet_freebsd.c */ = {isa = PBXFileReference; fileEncoding = 4; lastKnownFileType = sourcecode.c.c; name = l2_packet_freebsd.c; path = ../../src/l2_packet/l2_packet_freebsd.c; sourceTree = SOURCE_ROOT; };
		8895086D109F3367004FB35D /* aes-unwrap.c */ = {isa = PBXFileReference; fileEncoding = 4; lastKnownFileType = sourcecode.c.c; name = "aes-unwrap.c"; path = "../../src/crypto/aes-unwrap.c"; sourceTree = SOURCE_ROOT; };
		8895086E109F3367004FB35D /* crypto_openssl.c */ = {isa = PBXFileReference; fileEncoding = 4; lastKnownFileType = sourcecode.c.c; name = crypto_openssl.c; path = ../../src/crypto/crypto_openssl.c; sourceTree = SOURCE_ROOT; };
		8895086F109F3367004FB35D /* sha1-pbkdf2.c */ = {isa = PBXFileReference; fileEncoding = 4; lastKnownFileType = sourcecode.c.c; name = "sha1-pbkdf2.c"; path = "../../src/crypto/sha1-pbkdf2.c"; sourceTree = SOURCE_ROOT; };
		88950870109F3367004FB35D /* sha1.c */ = {isa = PBXFileReference; fileEncoding = 4; lastKnownFileType = sourcecode.c.c; name = sha1.c; path = ../../src/crypto/sha1.c; sourceTree = SOURCE_ROOT; };
		88950883109F3538004FB35D /* driver_osx.m */ = {isa = PBXFileReference; fileEncoding = 4; lastKnownFileType = sourcecode.c.objc; name = driver_osx.m; path = ../../src/drivers/driver_osx.m; sourceTree = SOURCE_ROOT; };
		88950884109F3538004FB35D /* drivers.c */ = {isa = PBXFileReference; fileEncoding = 4; lastKnownFileType = sourcecode.c.c; name = drivers.c; path = ../../src/drivers/drivers.c; sourceTree = SOURCE_ROOT; };
		8DD76FB20486AB0100D96B5E /* wpa_supplicant */ = {isa = PBXFileReference; explicitFileType = "compiled.mach-o.executable"; includeInIndex = 0; path = wpa_supplicant; sourceTree = BUILT_PRODUCTS_DIR; };
/* End PBXFileReference section */

/* Begin PBXFrameworksBuildPhase section */
		8DD76FAD0486AB0100D96B5E /* Frameworks */ = {
			isa = PBXFrameworksBuildPhase;
			buildActionMask = 2147483647;
			files = (
				8853CB17109F385C00358CEF /* libpcap.dylib in Frameworks */,
				8853CB1B109F389800358CEF /* libcrypto.dylib in Frameworks */,
				8853CB1F109F38BD00358CEF /* CoreFoundation.framework in Frameworks */,
				8853CB3C109F3B5800358CEF /* Apple80211.framework in Frameworks */,
				8853CC3C109F4E1D00358CEF /* libssl.dylib in Frameworks */,
			);
			runOnlyForDeploymentPostprocessing = 0;
		};
/* End PBXFrameworksBuildPhase section */

/* Begin PBXGroup section */
		08FB7794FE84155DC02AAC07 /* wpa_supplicant */ = {
			isa = PBXGroup;
			children = (
				08FB7795FE84155DC02AAC07 /* Source */,
				C6A0FF2B0290797F04C91782 /* Documentation */,
				1AB674ADFE9D54B511CA2CBB /* Products */,
				8853CB16109F385C00358CEF /* libpcap.dylib */,
				8853CB1A109F389800358CEF /* libcrypto.dylib */,
				8853CB1E109F38BD00358CEF /* CoreFoundation.framework */,
				8853CB3B109F3B5800358CEF /* Apple80211.framework */,
				8853CC3B109F4E1D00358CEF /* libssl.dylib */,
			);
			name = wpa_supplicant;
			sourceTree = "<group>";
		};
		08FB7795FE84155DC02AAC07 /* Source */ = {
			isa = PBXGroup;
			children = (
				881EED0E10DC14EF009E449F /* eap_register.c */,
				8853CC51109F4F3500358CEF /* aes-cbc.c */,
				8853CC52109F4F3500358CEF /* sha1-tlsprf.c */,
				8853CC4C109F4ED500358CEF /* sha256.c */,
				8853CC47109F4E8700358CEF /* ieee802_11_common.c */,
				8853CC43109F4E6200358CEF /* uuid.c */,
				8853CC3F109F4E3A00358CEF /* wps_supplicant.c */,
				8853CC32109F4DE200358CEF /* ms_funcs.c */,
				8853CC33109F4DE200358CEF /* tls_openssl.c */,
				8853CC1E109F4D3500358CEF /* wps_attr_build.c */,
				8853CC1F109F4D3500358CEF /* wps_attr_parse.c */,
				8853CC20109F4D3500358CEF /* wps_attr_process.c */,
				8853CC21109F4D3500358CEF /* wps_common.c */,
				8853CC22109F4D3500358CEF /* wps_dev_attr.c */,
				8853CC23109F4D3500358CEF /* wps_enrollee.c */,
				8853CC24109F4D3500358CEF /* wps_registrar.c */,
				8853CC25109F4D3500358CEF /* wps.c */,
				8853CC14109F4D0800358CEF /* chap.c */,
				8853CC15109F4D0800358CEF /* eap_common.c */,
				8853CC16109F4D0800358CEF /* eap_peap_common.c */,
				8853CC17109F4D0800358CEF /* eap_wsc_common.c */,
				8853CC10109F4CC800358CEF /* eapol_supp_sm.c */,
				8853CC0C109F4CA100358CEF /* ctrl_iface_unix.c */,
				8853CC0D109F4CA100358CEF /* ctrl_iface.c */,
				8853CBEC109F4C6E00358CEF /* eap_gtc.c */,
				8853CBED109F4C6E00358CEF /* eap_leap.c */,
				8853CBEE109F4C6E00358CEF /* eap_md5.c */,
				8853CBEF109F4C6E00358CEF /* eap_methods.c */,
				8853CBF0109F4C6E00358CEF /* eap_mschapv2.c */,
				8853CBF1109F4C6E00358CEF /* eap_otp.c */,
				8853CBF2109F4C6E00358CEF /* eap_peap.c */,
				8853CBF3109F4C6E00358CEF /* eap_tls_common.c */,
				8853CBF4109F4C6E00358CEF /* eap_tls.c */,
				8853CBF5109F4C6E00358CEF /* eap_tnc.c */,
				8853CBF6109F4C6E00358CEF /* eap_ttls.c */,
				8853CBF7109F4C6E00358CEF /* eap_wsc.c */,
				8853CBF8109F4C6E00358CEF /* eap.c */,
				8853CBF9109F4C6E00358CEF /* mschapv2.c */,
				8853CBFA109F4C6E00358CEF /* tncc.c */,
				8853CB35109F3AC700358CEF /* md5.c */,
				8853CB31109F3A9400358CEF /* wpa_common.c */,
				8853CB2D109F3A3900358CEF /* scan_helpers.c */,
				88950883109F3538004FB35D /* driver_osx.m */,
				88950884109F3538004FB35D /* drivers.c */,
				8895086D109F3367004FB35D /* aes-unwrap.c */,
				8895086E109F3367004FB35D /* crypto_openssl.c */,
				8895086F109F3367004FB35D /* sha1-pbkdf2.c */,
				88950870109F3367004FB35D /* sha1.c */,
				8895086B109F3316004FB35D /* l2_packet_freebsd.c */,
				8895085F109F32D1004FB35D /* peerkey.c */,
				88950860109F32D1004FB35D /* pmksa_cache.c */,
				88950861109F32D1004FB35D /* preauth.c */,
				88950862109F32D1004FB35D /* wpa_ie.c */,
				88950863109F32D1004FB35D /* wpa.c */,
				8895083A109F301A004FB35D /* base64.c */,
				8895083B109F301A004FB35D /* common.c */,
				8895083C109F301A004FB35D /* eloop.c */,
				8895083D109F301A004FB35D /* os_unix.c */,
				8895083E109F301A004FB35D /* wpa_debug.c */,
				8895083F109F301A004FB35D /* wpabuf.c */,
				88950828109F2FAB004FB35D /* blacklist.c */,
				88950829109F2FAB004FB35D /* config_file.c */,
				8895082A109F2FAB004FB35D /* config.c */,
				8895082B109F2FAB004FB35D /* events.c */,
				8895082C109F2FAB004FB35D /* main.c */,
				8895082D109F2FAB004FB35D /* notify.c */,
				8895082E109F2FAB004FB35D /* scan.c */,
				8895082F109F2FAB004FB35D /* wpa_supplicant.c */,
				88950830109F2FAB004FB35D /* wpas_glue.c */,
			);
			name = Source;
			sourceTree = "<group>";
		};
		1AB674ADFE9D54B511CA2CBB /* Products */ = {
			isa = PBXGroup;
			children = (
				8DD76FB20486AB0100D96B5E /* wpa_supplicant */,
			);
			name = Products;
			sourceTree = "<group>";
		};
		C6A0FF2B0290797F04C91782 /* Documentation */ = {
			isa = PBXGroup;
			children = (
			);
			name = Documentation;
			sourceTree = "<group>";
		};
/* End PBXGroup section */

/* Begin PBXNativeTarget section */
		8DD76FA90486AB0100D96B5E /* wpa_supplicant */ = {
			isa = PBXNativeTarget;
			buildConfigurationList = 1DEB928508733DD80010E9CD /* Build configuration list for PBXNativeTarget "wpa_supplicant" */;
			buildPhases = (
				8DD76FAB0486AB0100D96B5E /* Sources */,
				8DD76FAD0486AB0100D96B5E /* Frameworks */,
				8DD76FAF0486AB0100D96B5E /* CopyFiles */,
			);
			buildRules = (
			);
			dependencies = (
			);
			name = wpa_supplicant;
			productInstallPath = "$(HOME)/bin";
			productName = wpa_supplicant;
			productReference = 8DD76FB20486AB0100D96B5E /* wpa_supplicant */;
			productType = "com.apple.product-type.tool";
		};
/* End PBXNativeTarget section */

/* Begin PBXProject section */
		08FB7793FE84155DC02AAC07 /* Project object */ = {
			isa = PBXProject;
			buildConfigurationList = 1DEB928908733DD80010E9CD /* Build configuration list for PBXProject "wpa_supplicant" */;
			compatibilityVersion = "Xcode 3.1";
			hasScannedForEncodings = 1;
			mainGroup = 08FB7794FE84155DC02AAC07 /* wpa_supplicant */;
			projectDirPath = "";
			projectRoot = "";
			targets = (
				8DD76FA90486AB0100D96B5E /* wpa_supplicant */,
			);
		};
/* End PBXProject section */

/* Begin PBXSourcesBuildPhase section */
		8DD76FAB0486AB0100D96B5E /* Sources */ = {
			isa = PBXSourcesBuildPhase;
			buildActionMask = 2147483647;
			files = (
				88950831109F2FAB004FB35D /* blacklist.c in Sources */,
				88950832109F2FAB004FB35D /* config_file.c in Sources */,
				88950833109F2FAB004FB35D /* config.c in Sources */,
				88950834109F2FAB004FB35D /* events.c in Sources */,
				88950835109F2FAB004FB35D /* main.c in Sources */,
				88950836109F2FAB004FB35D /* notify.c in Sources */,
				88950837109F2FAB004FB35D /* scan.c in Sources */,
				88950838109F2FAB004FB35D /* wpa_supplicant.c in Sources */,
				88950839109F2FAB004FB35D /* wpas_glue.c in Sources */,
				88950840109F301A004FB35D /* base64.c in Sources */,
				88950841109F301A004FB35D /* common.c in Sources */,
				88950842109F301A004FB35D /* eloop.c in Sources */,
				88950843109F301A004FB35D /* os_unix.c in Sources */,
				88950844109F301A004FB35D /* wpa_debug.c in Sources */,
				88950845109F301A004FB35D /* wpabuf.c in Sources */,
				88950864109F32D1004FB35D /* peerkey.c in Sources */,
				88950865109F32D1004FB35D /* pmksa_cache.c in Sources */,
				88950866109F32D1004FB35D /* preauth.c in Sources */,
				88950867109F32D1004FB35D /* wpa_ie.c in Sources */,
				88950868109F32D1004FB35D /* wpa.c in Sources */,
				8895086C109F3316004FB35D /* l2_packet_freebsd.c in Sources */,
				88950871109F3367004FB35D /* aes-unwrap.c in Sources */,
				88950872109F3367004FB35D /* crypto_openssl.c in Sources */,
				88950873109F3367004FB35D /* sha1-pbkdf2.c in Sources */,
				88950874109F3367004FB35D /* sha1.c in Sources */,
				88950885109F3538004FB35D /* driver_osx.m in Sources */,
				88950886109F3538004FB35D /* drivers.c in Sources */,
				8853CB2E109F3A3900358CEF /* scan_helpers.c in Sources */,
				8853CB32109F3A9400358CEF /* wpa_common.c in Sources */,
				8853CB36109F3AC700358CEF /* md5.c in Sources */,
				8853CBFB109F4C6E00358CEF /* eap_gtc.c in Sources */,
				8853CBFC109F4C6E00358CEF /* eap_leap.c in Sources */,
				8853CBFD109F4C6E00358CEF /* eap_md5.c in Sources */,
				8853CBFE109F4C6E00358CEF /* eap_methods.c in Sources */,
				8853CBFF109F4C6E00358CEF /* eap_mschapv2.c in Sources */,
				8853CC00109F4C6E00358CEF /* eap_otp.c in Sources */,
				8853CC01109F4C6E00358CEF /* eap_peap.c in Sources */,
				8853CC02109F4C6E00358CEF /* eap_tls_common.c in Sources */,
				8853CC03109F4C6E00358CEF /* eap_tls.c in Sources */,
				8853CC04109F4C6E00358CEF /* eap_tnc.c in Sources */,
				8853CC05109F4C6E00358CEF /* eap_ttls.c in Sources */,
				8853CC06109F4C6E00358CEF /* eap_wsc.c in Sources */,
				8853CC07109F4C6E00358CEF /* eap.c in Sources */,
				8853CC08109F4C6E00358CEF /* mschapv2.c in Sources */,
				8853CC09109F4C6E00358CEF /* tncc.c in Sources */,
				8853CC0E109F4CA100358CEF /* ctrl_iface_unix.c in Sources */,
				8853CC0F109F4CA100358CEF /* ctrl_iface.c in Sources */,
				8853CC11109F4CC800358CEF /* eapol_supp_sm.c in Sources */,
				8853CC18109F4D0800358CEF /* chap.c in Sources */,
				8853CC19109F4D0800358CEF /* eap_common.c in Sources */,
				8853CC1A109F4D0800358CEF /* eap_peap_common.c in Sources */,
				8853CC1B109F4D0800358CEF /* eap_wsc_common.c in Sources */,
				8853CC26109F4D3500358CEF /* wps_attr_build.c in Sources */,
				8853CC27109F4D3500358CEF /* wps_attr_parse.c in Sources */,
				8853CC28109F4D3500358CEF /* wps_attr_process.c in Sources */,
				8853CC29109F4D3500358CEF /* wps_common.c in Sources */,
				8853CC2A109F4D3500358CEF /* wps_dev_attr.c in Sources */,
				8853CC2B109F4D3500358CEF /* wps_enrollee.c in Sources */,
				8853CC2C109F4D3500358CEF /* wps_registrar.c in Sources */,
				8853CC2D109F4D3500358CEF /* wps.c in Sources */,
				8853CC34109F4DE200358CEF /* ms_funcs.c in Sources */,
				8853CC35109F4DE200358CEF /* tls_openssl.c in Sources */,
				8853CC40109F4E3A00358CEF /* wps_supplicant.c in Sources */,
				8853CC44109F4E6200358CEF /* uuid.c in Sources */,
				8853CC48109F4E8700358CEF /* ieee802_11_common.c in Sources */,
				8853CC4E109F4ED500358CEF /* sha256.c in Sources */,
				8853CC53109F4F3500358CEF /* aes-cbc.c in Sources */,
				8853CC54109F4F3500358CEF /* sha1-tlsprf.c in Sources */,
				881EED0F10DC14EF009E449F /* eap_register.c in Sources */,
			);
			runOnlyForDeploymentPostprocessing = 0;
		};
/* End PBXSourcesBuildPhase section */

/* Begin XCBuildConfiguration section */
		1DEB928608733DD80010E9CD /* Debug */ = {
			isa = XCBuildConfiguration;
			buildSettings = {
				ALWAYS_SEARCH_USER_PATHS = NO;
				COPY_PHASE_STRIP = NO;
				FRAMEWORK_SEARCH_PATHS = (
					"$(inherited)",
					"\"$(SYSTEM_LIBRARY_DIR)/PrivateFrameworks\"",
				);
				GCC_DYNAMIC_NO_PIC = NO;
				GCC_ENABLE_FIX_AND_CONTINUE = YES;
				GCC_MODEL_TUNING = G5;
				GCC_OPTIMIZATION_LEVEL = 0;
				INSTALL_PATH = /usr/local/bin;
				PRODUCT_NAME = wpa_supplicant;
			};
			name = Debug;
		};
		1DEB928708733DD80010E9CD /* Release */ = {
			isa = XCBuildConfiguration;
			buildSettings = {
				ALWAYS_SEARCH_USER_PATHS = NO;
				DEBUG_INFORMATION_FORMAT = "dwarf-with-dsym";
				FRAMEWORK_SEARCH_PATHS = (
					"$(inherited)",
					"\"$(SYSTEM_LIBRARY_DIR)/PrivateFrameworks\"",
				);
				GCC_MODEL_TUNING = G5;
				INSTALL_PATH = /usr/local/bin;
				PRODUCT_NAME = wpa_supplicant;
			};
			name = Release;
		};
		1DEB928A08733DD80010E9CD /* Debug */ = {
			isa = XCBuildConfiguration;
			buildSettings = {
				ARCHS = "$(ARCHS_STANDARD_32_64_BIT)";
				FRAMEWORK_SEARCH_PATHS = /System/Library/PrivateFrameworks;
				GCC_C_LANGUAGE_STANDARD = gnu99;
				GCC_OPTIMIZATION_LEVEL = 0;
				GCC_WARN_ABOUT_RETURN_TYPE = YES;
				GCC_WARN_UNUSED_VARIABLE = YES;
				HEADER_SEARCH_PATHS = (
					../../src,
					../../src/utils,
				);
				ONLY_ACTIVE_ARCH = YES;
				OTHER_CFLAGS = "-DCONFIG_XCODE_DEFAULTS";
				PREBINDING = NO;
				PRELINK_LIBS = "";
				RUN_CLANG_STATIC_ANALYZER = YES;
				SDKROOT = macosx10.6;
			};
			name = Debug;
		};
		1DEB928B08733DD80010E9CD /* Release */ = {
			isa = XCBuildConfiguration;
			buildSettings = {
				ARCHS = "$(ARCHS_STANDARD_32_64_BIT)";
				FRAMEWORK_SEARCH_PATHS = /System/Library/PrivateFrameworks;
				GCC_C_LANGUAGE_STANDARD = gnu99;
				GCC_WARN_ABOUT_RETURN_TYPE = YES;
				GCC_WARN_UNUSED_VARIABLE = YES;
				HEADER_SEARCH_PATHS = (
					../../src,
					../../src/utils,
				);
				OTHER_CFLAGS = "-DCONFIG_XCODE_DEFAULTS";
				PREBINDING = NO;
				SDKROOT = macosx10.6;
			};
			name = Release;
		};
/* End XCBuildConfiguration section */

/* Begin XCConfigurationList section */
		1DEB928508733DD80010E9CD /* Build configuration list for PBXNativeTarget "wpa_supplicant" */ = {
			isa = XCConfigurationList;
			buildConfigurations = (
				1DEB928608733DD80010E9CD /* Debug */,
				1DEB928708733DD80010E9CD /* Release */,
			);
			defaultConfigurationIsVisible = 0;
			defaultConfigurationName = Release;
		};
		1DEB928908733DD80010E9CD /* Build configuration list for PBXProject "wpa_supplicant" */ = {
			isa = XCConfigurationList;
			buildConfigurations = (
				1DEB928A08733DD80010E9CD /* Debug */,
				1DEB928B08733DD80010E9CD /* Release */,
			);
			defaultConfigurationIsVisible = 0;
			defaultConfigurationName = Release;
		};
/* End XCConfigurationList section */
	};
	rootObject = 08FB7793FE84155DC02AAC07 /* Project object */;
}
