
Microsoft Visual Studio Solution File, Format Version 10.00
# Visual C++ Express 2008
Project("{8BC9CEB8-8B4A-11D0-8D11-00A0C91BC942}") = "skeleton-ppsapi-provider", "skeleton-ppsapi-provider.vcproj", "{F7842ACD-EB61-4D65-9999-AFB0E77E63EA}"
EndProject
Global
	GlobalSection(SolutionConfigurationPlatforms) = preSolution
		Debug|Win32 = Debug|Win32
		Release|Win32 = Release|Win32
	EndGlobalSection
	GlobalSection(ProjectConfigurationPlatforms) = postSolution
		{F7842ACD-EB61-4D65-9999-AFB0E77E63EA}.Debug|Win32.ActiveCfg = Debug|Win32
		{F7842ACD-EB61-4D65-9999-AFB0E77E63EA}.Debug|Win32.Build.0 = Debug|Win32
		{F7842ACD-EB61-4D65-9999-AFB0E77E63EA}.Release|Win32.ActiveCfg = Release|Win32
	EndGlobalSection
	GlobalSection(SolutionProperties) = preSolution
		HideSolutionNode = FALSE
	EndGlobalSection
EndGlobal
