
Microsoft Visual Studio Solution File, Format Version 12.00
# Visual Studio Express 2013 for Windows Desktop
VisualStudioVersion = 12.0.31101.0
MinimumVisualStudioVersion = 10.0.40219.1
Project("{8BC9CEB8-8B4A-11D0-8D11-00A0C91BC942}") = "ntpd", "ntpd\ntpd.vcxproj", "{CB61F8BF-9637-495C-9087-E8664B400CE0}"
EndProject
Project("{8BC9CEB8-8B4A-11D0-8D11-00A0C91BC942}") = "instsrv", "instsrv\instsrv.vcxproj", "{C3534C4D-6DF1-498E-9904-4337878A1515}"
EndProject
Project("{8BC9CEB8-8B4A-11D0-8D11-00A0C91BC942}") = "libntp", "libntp\libntp.vcxproj", "{400FBFCB-462E-40D0-B06B-3B74E3FFFD00}"
EndProject
Project("{8BC9CEB8-8B4A-11D0-8D11-00A0C91BC942}") = "ntpdate", "ntpdate\ntpdate.vcxproj", "{2789A62E-3F46-44F1-AAF0-816CD23C2911}"
EndProject
Project("{8BC9CEB8-8B4A-11D0-8D11-00A0C91BC942}") = "ntpdc", "ntpdc\ntpdc.vcxproj", "{8011C820-B3D5-4034-86EA-FFC30AE6764B}"
EndProject
Project("{8BC9CEB8-8B4A-11D0-8D11-00A0C91BC942}") = "ntp-keygen", "ntp-keygen\ntp-keygen.vcxproj", "{C88C1FBF-59D2-447F-BF57-0BCA8889028F}"
EndProject
Project("{8BC9CEB8-8B4A-11D0-8D11-00A0C91BC942}") = "ntpq", "ntpq\ntpq.vcxproj", "{6A92BF14-8931-48B1-A571-DEBE9F190616}"
EndProject
Project("{8BC9CEB8-8B4A-11D0-8D11-00A0C91BC942}") = "keyword-gen", "ntpd-keyword-gen\ntpd-keyword-gen.vcxproj", "{1B814CC1-EAD4-4A13-B29C-A67B23C9845A}"
EndProject
Project("{8BC9CEB8-8B4A-11D0-8D11-00A0C91BC942}") = "loopback-ppsapi-provider", "loopback-pps\loopback-ppsapi-provider.vcxproj", "{1ACE209D-D56E-450B-8711-B73E4ACFC38E}"
EndProject
Global
	GlobalSection(SolutionConfigurationPlatforms) = preSolution
		Debug|Win32 = Debug|Win32
		Debug|x64 = Debug|x64
		DebugXP|Win32 = DebugXP|Win32
		DebugXP|x64 = DebugXP|x64
		Release|Win32 = Release|Win32
		Release|x64 = Release|x64
		ReleaseXP|Win32 = ReleaseXP|Win32
		ReleaseXP|x64 = ReleaseXP|x64
	EndGlobalSection
	GlobalSection(ProjectConfigurationPlatforms) = postSolution
		{CB61F8BF-9637-495C-9087-E8664B400CE0}.Debug|Win32.ActiveCfg = Debug|Win32
		{CB61F8BF-9637-495C-9087-E8664B400CE0}.Debug|Win32.Build.0 = Debug|Win32
		{CB61F8BF-9637-495C-9087-E8664B400CE0}.Debug|x64.ActiveCfg = Debug|x64
		{CB61F8BF-9637-495C-9087-E8664B400CE0}.Debug|x64.Build.0 = Debug|x64
		{CB61F8BF-9637-495C-9087-E8664B400CE0}.DebugXP|Win32.ActiveCfg = DebugXP|Win32
		{CB61F8BF-9637-495C-9087-E8664B400CE0}.DebugXP|Win32.Build.0 = DebugXP|Win32
		{CB61F8BF-9637-495C-9087-E8664B400CE0}.DebugXP|x64.ActiveCfg = DebugXP|Win32
		{CB61F8BF-9637-495C-9087-E8664B400CE0}.Release|Win32.ActiveCfg = Release|Win32
		{CB61F8BF-9637-495C-9087-E8664B400CE0}.Release|Win32.Build.0 = Release|Win32
		{CB61F8BF-9637-495C-9087-E8664B400CE0}.Release|x64.ActiveCfg = Release|x64
		{CB61F8BF-9637-495C-9087-E8664B400CE0}.Release|x64.Build.0 = Release|x64
		{CB61F8BF-9637-495C-9087-E8664B400CE0}.ReleaseXP|Win32.ActiveCfg = ReleaseXP|Win32
		{CB61F8BF-9637-495C-9087-E8664B400CE0}.ReleaseXP|Win32.Build.0 = ReleaseXP|Win32
		{CB61F8BF-9637-495C-9087-E8664B400CE0}.ReleaseXP|x64.ActiveCfg = ReleaseXP|Win32
		{C3534C4D-6DF1-498E-9904-4337878A1515}.Debug|Win32.ActiveCfg = Debug|Win32
		{C3534C4D-6DF1-498E-9904-4337878A1515}.Debug|Win32.Build.0 = Debug|Win32
		{C3534C4D-6DF1-498E-9904-4337878A1515}.Debug|x64.ActiveCfg = Debug|x64
		{C3534C4D-6DF1-498E-9904-4337878A1515}.Debug|x64.Build.0 = Debug|x64
		{C3534C4D-6DF1-498E-9904-4337878A1515}.DebugXP|Win32.ActiveCfg = DebugXP|Win32
		{C3534C4D-6DF1-498E-9904-4337878A1515}.DebugXP|Win32.Build.0 = DebugXP|Win32
		{C3534C4D-6DF1-498E-9904-4337878A1515}.DebugXP|x64.ActiveCfg = DebugXP|Win32
		{C3534C4D-6DF1-498E-9904-4337878A1515}.Release|Win32.ActiveCfg = Release|Win32
		{C3534C4D-6DF1-498E-9904-4337878A1515}.Release|Win32.Build.0 = Release|Win32
		{C3534C4D-6DF1-498E-9904-4337878A1515}.Release|x64.ActiveCfg = Release|x64
		{C3534C4D-6DF1-498E-9904-4337878A1515}.Release|x64.Build.0 = Release|x64
		{C3534C4D-6DF1-498E-9904-4337878A1515}.ReleaseXP|Win32.ActiveCfg = ReleaseXP|Win32
		{C3534C4D-6DF1-498E-9904-4337878A1515}.ReleaseXP|Win32.Build.0 = ReleaseXP|Win32
		{C3534C4D-6DF1-498E-9904-4337878A1515}.ReleaseXP|x64.ActiveCfg = ReleaseXP|Win32
		{400FBFCB-462E-40D0-B06B-3B74E3FFFD00}.Debug|Win32.ActiveCfg = Debug|Win32
		{400FBFCB-462E-40D0-B06B-3B74E3FFFD00}.Debug|Win32.Build.0 = Debug|Win32
		{400FBFCB-462E-40D0-B06B-3B74E3FFFD00}.Debug|x64.ActiveCfg = Debug|x64
		{400FBFCB-462E-40D0-B06B-3B74E3FFFD00}.Debug|x64.Build.0 = Debug|x64
		{400FBFCB-462E-40D0-B06B-3B74E3FFFD00}.DebugXP|Win32.ActiveCfg = DebugXP|Win32
		{400FBFCB-462E-40D0-B06B-3B74E3FFFD00}.DebugXP|Win32.Build.0 = DebugXP|Win32
		{400FBFCB-462E-40D0-B06B-3B74E3FFFD00}.DebugXP|x64.ActiveCfg = DebugXP|Win32
		{400FBFCB-462E-40D0-B06B-3B74E3FFFD00}.Release|Win32.ActiveCfg = Release|Win32
		{400FBFCB-462E-40D0-B06B-3B74E3FFFD00}.Release|Win32.Build.0 = Release|Win32
		{400FBFCB-462E-40D0-B06B-3B74E3FFFD00}.Release|x64.ActiveCfg = Release|x64
		{400FBFCB-462E-40D0-B06B-3B74E3FFFD00}.Release|x64.Build.0 = Release|x64
		{400FBFCB-462E-40D0-B06B-3B74E3FFFD00}.ReleaseXP|Win32.ActiveCfg = ReleaseXP|Win32
		{400FBFCB-462E-40D0-B06B-3B74E3FFFD00}.ReleaseXP|Win32.Build.0 = ReleaseXP|Win32
		{400FBFCB-462E-40D0-B06B-3B74E3FFFD00}.ReleaseXP|x64.ActiveCfg = ReleaseXP|Win32
		{2789A62E-3F46-44F1-AAF0-816CD23C2911}.Debug|Win32.ActiveCfg = Debug|Win32
		{2789A62E-3F46-44F1-AAF0-816CD23C2911}.Debug|Win32.Build.0 = Debug|Win32
		{2789A62E-3F46-44F1-AAF0-816CD23C2911}.Debug|x64.ActiveCfg = Debug|x64
		{2789A62E-3F46-44F1-AAF0-816CD23C2911}.Debug|x64.Build.0 = Debug|x64
		{2789A62E-3F46-44F1-AAF0-816CD23C2911}.DebugXP|Win32.ActiveCfg = DebugXP|Win32
		{2789A62E-3F46-44F1-AAF0-816CD23C2911}.DebugXP|Win32.Build.0 = DebugXP|Win32
		{2789A62E-3F46-44F1-AAF0-816CD23C2911}.DebugXP|x64.ActiveCfg = DebugXP|Win32
		{2789A62E-3F46-44F1-AAF0-816CD23C2911}.Release|Win32.ActiveCfg = Release|Win32
		{2789A62E-3F46-44F1-AAF0-816CD23C2911}.Release|Win32.Build.0 = Release|Win32
		{2789A62E-3F46-44F1-AAF0-816CD23C2911}.Release|x64.ActiveCfg = Release|x64
		{2789A62E-3F46-44F1-AAF0-816CD23C2911}.Release|x64.Build.0 = Release|x64
		{2789A62E-3F46-44F1-AAF0-816CD23C2911}.ReleaseXP|Win32.ActiveCfg = ReleaseXP|Win32
		{2789A62E-3F46-44F1-AAF0-816CD23C2911}.ReleaseXP|Win32.Build.0 = ReleaseXP|Win32
		{2789A62E-3F46-44F1-AAF0-816CD23C2911}.ReleaseXP|x64.ActiveCfg = ReleaseXP|Win32
		{8011C820-B3D5-4034-86EA-FFC30AE6764B}.Debug|Win32.ActiveCfg = Debug|Win32
		{8011C820-B3D5-4034-86EA-FFC30AE6764B}.Debug|Win32.Build.0 = Debug|Win32
		{8011C820-B3D5-4034-86EA-FFC30AE6764B}.Debug|x64.ActiveCfg = Debug|x64
		{8011C820-B3D5-4034-86EA-FFC30AE6764B}.Debug|x64.Build.0 = Debug|x64
		{8011C820-B3D5-4034-86EA-FFC30AE6764B}.DebugXP|Win32.ActiveCfg = DebugXP|Win32
		{8011C820-B3D5-4034-86EA-FFC30AE6764B}.DebugXP|Win32.Build.0 = DebugXP|Win32
		{8011C820-B3D5-4034-86EA-FFC30AE6764B}.DebugXP|x64.ActiveCfg = DebugXP|Win32
		{8011C820-B3D5-4034-86EA-FFC30AE6764B}.Release|Win32.ActiveCfg = Release|Win32
		{8011C820-B3D5-4034-86EA-FFC30AE6764B}.Release|Win32.Build.0 = Release|Win32
		{8011C820-B3D5-4034-86EA-FFC30AE6764B}.Release|x64.ActiveCfg = Release|x64
		{8011C820-B3D5-4034-86EA-FFC30AE6764B}.Release|x64.Build.0 = Release|x64
		{8011C820-B3D5-4034-86EA-FFC30AE6764B}.ReleaseXP|Win32.ActiveCfg = ReleaseXP|Win32
		{8011C820-B3D5-4034-86EA-FFC30AE6764B}.ReleaseXP|Win32.Build.0 = ReleaseXP|Win32
		{8011C820-B3D5-4034-86EA-FFC30AE6764B}.ReleaseXP|x64.ActiveCfg = ReleaseXP|Win32
		{C88C1FBF-59D2-447F-BF57-0BCA8889028F}.Debug|Win32.ActiveCfg = Debug|Win32
		{C88C1FBF-59D2-447F-BF57-0BCA8889028F}.Debug|Win32.Build.0 = Debug|Win32
		{C88C1FBF-59D2-447F-BF57-0BCA8889028F}.Debug|x64.ActiveCfg = Debug|x64
		{C88C1FBF-59D2-447F-BF57-0BCA8889028F}.Debug|x64.Build.0 = Debug|x64
		{C88C1FBF-59D2-447F-BF57-0BCA8889028F}.DebugXP|Win32.ActiveCfg = DebugXP|Win32
		{C88C1FBF-59D2-447F-BF57-0BCA8889028F}.DebugXP|Win32.Build.0 = DebugXP|Win32
		{C88C1FBF-59D2-447F-BF57-0BCA8889028F}.DebugXP|x64.ActiveCfg = DebugXP|Win32
		{C88C1FBF-59D2-447F-BF57-0BCA8889028F}.Release|Win32.ActiveCfg = Release|Win32
		{C88C1FBF-59D2-447F-BF57-0BCA8889028F}.Release|Win32.Build.0 = Release|Win32
		{C88C1FBF-59D2-447F-BF57-0BCA8889028F}.Release|x64.ActiveCfg = Release|x64
		{C88C1FBF-59D2-447F-BF57-0BCA8889028F}.Release|x64.Build.0 = Release|x64
		{C88C1FBF-59D2-447F-BF57-0BCA8889028F}.ReleaseXP|Win32.ActiveCfg = ReleaseXP|Win32
		{C88C1FBF-59D2-447F-BF57-0BCA8889028F}.ReleaseXP|Win32.Build.0 = ReleaseXP|Win32
		{C88C1FBF-59D2-447F-BF57-0BCA8889028F}.ReleaseXP|x64.ActiveCfg = ReleaseXP|Win32
		{6A92BF14-8931-48B1-A571-DEBE9F190616}.Debug|Win32.ActiveCfg = Debug|Win32
		{6A92BF14-8931-48B1-A571-DEBE9F190616}.Debug|Win32.Build.0 = Debug|Win32
		{6A92BF14-8931-48B1-A571-DEBE9F190616}.Debug|x64.ActiveCfg = Debug|x64
		{6A92BF14-8931-48B1-A571-DEBE9F190616}.Debug|x64.Build.0 = Debug|x64
		{6A92BF14-8931-48B1-A571-DEBE9F190616}.DebugXP|Win32.ActiveCfg = DebugXP|Win32
		{6A92BF14-8931-48B1-A571-DEBE9F190616}.DebugXP|Win32.Build.0 = DebugXP|Win32
		{6A92BF14-8931-48B1-A571-DEBE9F190616}.DebugXP|x64.ActiveCfg = DebugXP|Win32
		{6A92BF14-8931-48B1-A571-DEBE9F190616}.Release|Win32.ActiveCfg = Release|Win32
		{6A92BF14-8931-48B1-A571-DEBE9F190616}.Release|Win32.Build.0 = Release|Win32
		{6A92BF14-8931-48B1-A571-DEBE9F190616}.Release|x64.ActiveCfg = Release|x64
		{6A92BF14-8931-48B1-A571-DEBE9F190616}.Release|x64.Build.0 = Release|x64
		{6A92BF14-8931-48B1-A571-DEBE9F190616}.ReleaseXP|Win32.ActiveCfg = ReleaseXP|Win32
		{6A92BF14-8931-48B1-A571-DEBE9F190616}.ReleaseXP|Win32.Build.0 = ReleaseXP|Win32
		{6A92BF14-8931-48B1-A571-DEBE9F190616}.ReleaseXP|x64.ActiveCfg = ReleaseXP|Win32
		{1B814CC1-EAD4-4A13-B29C-A67B23C9845A}.Debug|Win32.ActiveCfg = Debug|Win32
		{1B814CC1-EAD4-4A13-B29C-A67B23C9845A}.Debug|Win32.Build.0 = Debug|Win32
		{1B814CC1-EAD4-4A13-B29C-A67B23C9845A}.Debug|x64.ActiveCfg = Debug|x64
		{1B814CC1-EAD4-4A13-B29C-A67B23C9845A}.Debug|x64.Build.0 = Debug|x64
		{1B814CC1-EAD4-4A13-B29C-A67B23C9845A}.DebugXP|Win32.ActiveCfg = DebugXP|Win32
		{1B814CC1-EAD4-4A13-B29C-A67B23C9845A}.DebugXP|Win32.Build.0 = DebugXP|Win32
		{1B814CC1-EAD4-4A13-B29C-A67B23C9845A}.DebugXP|x64.ActiveCfg = DebugXP|Win32
		{1B814CC1-EAD4-4A13-B29C-A67B23C9845A}.Release|Win32.ActiveCfg = Release|Win32
		{1B814CC1-EAD4-4A13-B29C-A67B23C9845A}.Release|Win32.Build.0 = Release|Win32
		{1B814CC1-EAD4-4A13-B29C-A67B23C9845A}.Release|x64.ActiveCfg = Release|x64
		{1B814CC1-EAD4-4A13-B29C-A67B23C9845A}.Release|x64.Build.0 = Release|x64
		{1B814CC1-EAD4-4A13-B29C-A67B23C9845A}.ReleaseXP|Win32.ActiveCfg = ReleaseXP|Win32
		{1B814CC1-EAD4-4A13-B29C-A67B23C9845A}.ReleaseXP|Win32.Build.0 = ReleaseXP|Win32
		{1B814CC1-EAD4-4A13-B29C-A67B23C9845A}.ReleaseXP|x64.ActiveCfg = ReleaseXP|Win32
		{1ACE209D-D56E-450B-8711-B73E4ACFC38E}.Debug|Win32.ActiveCfg = Debug|Win32
		{1ACE209D-D56E-450B-8711-B73E4ACFC38E}.Debug|Win32.Build.0 = Debug|Win32
		{1ACE209D-D56E-450B-8711-B73E4ACFC38E}.Debug|x64.ActiveCfg = Debug|x64
		{1ACE209D-D56E-450B-8711-B73E4ACFC38E}.Debug|x64.Build.0 = Debug|x64
		{1ACE209D-D56E-450B-8711-B73E4ACFC38E}.DebugXP|Win32.ActiveCfg = DebugXP|Win32
		{1ACE209D-D56E-450B-8711-B73E4ACFC38E}.DebugXP|Win32.Build.0 = DebugXP|Win32
		{1ACE209D-D56E-450B-8711-B73E4ACFC38E}.DebugXP|x64.ActiveCfg = DebugXP|Win32
		{1ACE209D-D56E-450B-8711-B73E4ACFC38E}.Release|Win32.ActiveCfg = Release|Win32
		{1ACE209D-D56E-450B-8711-B73E4ACFC38E}.Release|Win32.Build.0 = Release|Win32
		{1ACE209D-D56E-450B-8711-B73E4ACFC38E}.Release|x64.ActiveCfg = Release|x64
		{1ACE209D-D56E-450B-8711-B73E4ACFC38E}.Release|x64.Build.0 = Release|x64
		{1ACE209D-D56E-450B-8711-B73E4ACFC38E}.ReleaseXP|Win32.ActiveCfg = ReleaseXP|Win32
		{1ACE209D-D56E-450B-8711-B73E4ACFC38E}.ReleaseXP|Win32.Build.0 = ReleaseXP|Win32
		{1ACE209D-D56E-450B-8711-B73E4ACFC38E}.ReleaseXP|x64.ActiveCfg = ReleaseXP|Win32
	EndGlobalSection
	GlobalSection(SolutionProperties) = preSolution
		HideSolutionNode = FALSE
	EndGlobalSection
EndGlobal
