
Microsoft Visual Studio Solution File, Format Version 12.00
# Visual Studio Version 16
VisualStudioVersion = 16.0.31515.178
MinimumVisualStudioVersion = 10.0.40219.1
Project("{8BC9CEB8-8B4A-11D0-8D11-00A0C91BC942}") = "bc", "bc.vcxproj", "{4450D61F-2535-4085-B1B1-F96ACD23CC9F}"
EndProject
Global
	GlobalSection(SolutionConfigurationPlatforms) = preSolution
		Debug|x64 = Debug|x64
		Debug|x86 = Debug|x86
		Release|x64 = Release|x64
		Release|x86 = Release|x86
	EndGlobalSection
	GlobalSection(ProjectConfigurationPlatforms) = postSolution
		{4450D61F-2535-4085-B1B1-F96ACD23CC9F}.Debug|x64.ActiveCfg = Debug|x64
		{4450D61F-2535-4085-B1B1-F96ACD23CC9F}.Debug|x64.Build.0 = Debug|x64
		{4450D61F-2535-4085-B1B1-F96ACD23CC9F}.Debug|x86.ActiveCfg = Debug|Win32
		{4450D61F-2535-4085-B1B1-F96ACD23CC9F}.Debug|x86.Build.0 = Debug|Win32
		{4450D61F-2535-4085-B1B1-F96ACD23CC9F}.Release|x64.ActiveCfg = Release|x64
		{4450D61F-2535-4085-B1B1-F96ACD23CC9F}.Release|x64.Build.0 = Release|x64
		{4450D61F-2535-4085-B1B1-F96ACD23CC9F}.Release|x86.ActiveCfg = Release|Win32
		{4450D61F-2535-4085-B1B1-F96ACD23CC9F}.Release|x86.Build.0 = Release|Win32
	EndGlobalSection
	GlobalSection(SolutionProperties) = preSolution
		HideSolutionNode = FALSE
	EndGlobalSection
	GlobalSection(ExtensibilityGlobals) = postSolution
		SolutionGuid = {99364EF5-C65F-4658-A3FA-19EAC64BE8B9}
	EndGlobalSection
EndGlobal
